// !$*UTF8*$!
{
	archiveVersion = 1;
	classes = {
	};
	objectVersion = 46;
	objects = {

/* Begin PBXBuildFile section */
		974B62061B0A6E49007D06E5 /* main.m in Sources */ = {isa = PBXBuildFile; fileRef = 974B62051B0A6E49007D06E5 /* main.m */; };
		974B62091B0A6E49007D06E5 /* AppDelegate.m in Sources */ = {isa = PBXBuildFile; fileRef = 974B62081B0A6E49007D06E5 /* AppDelegate.m */; };
		974B620C1B0A6E49007D06E5 /* ViewController.m in Sources */ = {isa = PBXBuildFile; fileRef = 974B620B1B0A6E49007D06E5 /* ViewController.m */; };
		974B620F1B0A6E49007D06E5 /* Main.storyboard in Resources */ = {isa = PBXBuildFile; fileRef = 974B620D1B0A6E49007D06E5 /* Main.storyboard */; };
		974B62111B0A6E49007D06E5 /* Images.xcassets in Resources */ = {isa = PBXBuildFile; fileRef = 974B62101B0A6E49007D06E5 /* Images.xcassets */; };
		974B62141B0A6E49007D06E5 /* LaunchScreen.xib in Resources */ = {isa = PBXBuildFile; fileRef = 974B62121B0A6E49007D06E5 /* LaunchScreen.xib */; };
		974B62201B0A6E49007D06E5 /* DeprocrastinatooooorTests.m in Sources */ = {isa = PBXBuildFile; fileRef = 974B621F1B0A6E49007D06E5 /* DeprocrastinatooooorTests.m */; };
/* End PBXBuildFile section */

/* Begin PBXContainerItemProxy section */
		974B621A1B0A6E49007D06E5 /* PBXContainerItemProxy */ = {
			isa = PBXContainerItemProxy;
			containerPortal = 974B61F81B0A6E49007D06E5 /* Project object */;
			proxyType = 1;
			remoteGlobalIDString = 974B61FF1B0A6E49007D06E5;
			remoteInfo = Deprocrastinatooooor;
		};
/* End PBXContainerItemProxy section */

/* Begin PBXFileReference section */
		974B62001B0A6E49007D06E5 /* Deprocrastinatooooor.app */ = {isa = PBXFileReference; explicitFileType = wrapper.application; includeInIndex = 0; path = Deprocrastinatooooor.app; sourceTree = BUILT_PRODUCTS_DIR; };
		974B62041B0A6E49007D06E5 /* Info.plist */ = {isa = PBXFileReference; lastKnownFileType = text.plist.xml; path = Info.plist; sourceTree = "<group>"; };
		974B62051B0A6E49007D06E5 /* main.m */ = {isa = PBXFileReference; lastKnownFileType = sourcecode.c.objc; path = main.m; sourceTree = "<group>"; };
		974B62071B0A6E49007D06E5 /* AppDelegate.h */ = {isa = PBXFileReference; lastKnownFileType = sourcecode.c.h; path = AppDelegate.h; sourceTree = "<group>"; };
		974B62081B0A6E49007D06E5 /* AppDelegate.m */ = {isa = PBXFileReference; lastKnownFileType = sourcecode.c.objc; path = AppDelegate.m; sourceTree = "<group>"; };
		974B620A1B0A6E49007D06E5 /* ViewController.h */ = {isa = PBXFileReference; lastKnownFileType = sourcecode.c.h; path = ViewController.h; sourceTree = "<group>"; };
		974B620B1B0A6E49007D06E5 /* ViewController.m */ = {isa = PBXFileReference; lastKnownFileType = sourcecode.c.objc; path = ViewController.m; sourceTree = "<group>"; };
		974B620E1B0A6E49007D06E5 /* Base */ = {isa = PBXFileReference; lastKnownFileType = file.storyboard; name = Base; path = Base.lproj/Main.storyboard; sourceTree = "<group>"; };
		974B62101B0A6E49007D06E5 /* Images.xcassets */ = {isa = PBXFileReference; lastKnownFileType = folder.assetcatalog; path = Images.xcassets; sourceTree = "<group>"; };
		974B62131B0A6E49007D06E5 /* Base */ = {isa = PBXFileReference; lastKnownFileType = file.xib; name = Base; path = Base.lproj/LaunchScreen.xib; sourceTree = "<group>"; };
		974B62191B0A6E49007D06E5 /* DeprocrastinatooooorTests.xctest */ = {isa = PBXFileReference; explicitFileType = wrapper.cfbundle; includeInIndex = 0; path = DeprocrastinatooooorTests.xctest; sourceTree = BUILT_PRODUCTS_DIR; };
		974B621E1B0A6E49007D06E5 /* Info.plist */ = {isa = PBXFileReference; lastKnownFileType = text.plist.xml; path = Info.plist; sourceTree = "<group>"; };
		974B621F1B0A6E49007D06E5 /* DeprocrastinatooooorTests.m */ = {isa = PBXFileReference; lastKnownFileType = sourcecode.c.objc; path = DeprocrastinatooooorTests.m; sourceTree = "<group>"; };
/* End PBXFileReference section */

/* Begin PBXFrameworksBuildPhase section */
		974B61FD1B0A6E49007D06E5 /* Frameworks */ = {
			isa = PBXFrameworksBuildPhase;
			buildActionMask = 2147483647;
			files = (
			);
			runOnlyForDeploymentPostprocessing = 0;
		};
		974B62161B0A6E49007D06E5 /* Frameworks */ = {
			isa = PBXFrameworksBuildPhase;
			buildActionMask = 2147483647;
			files = (
			);
			runOnlyForDeploymentPostprocessing = 0;
		};
/* End PBXFrameworksBuildPhase section */

/* Begin PBXGroup section */
		974B61F71B0A6E49007D06E5 = {
			isa = PBXGroup;
			children = (
				974B62021B0A6E49007D06E5 /* Deprocrastinatooooor */,
				974B621C1B0A6E49007D06E5 /* DeprocrastinatooooorTests */,
				974B62011B0A6E49007D06E5 /* Products */,
			);
			sourceTree = "<group>";
		};
		974B62011B0A6E49007D06E5 /* Products */ = {
			isa = PBXGroup;
			children = (
				974B62001B0A6E49007D06E5 /* Deprocrastinatooooor.app */,
				974B62191B0A6E49007D06E5 /* DeprocrastinatooooorTests.xctest */,
			);
			name = Products;
			sourceTree = "<group>";
		};
		974B62021B0A6E49007D06E5 /* Deprocrastinatooooor */ = {
			isa = PBXGroup;
			children = (
				974B62071B0A6E49007D06E5 /* AppDelegate.h */,
				974B62081B0A6E49007D06E5 /* AppDelegate.m */,
				974B620A1B0A6E49007D06E5 /* ViewController.h */,
				974B620B1B0A6E49007D06E5 /* ViewController.m */,
				974B620D1B0A6E49007D06E5 /* Main.storyboard */,
				974B62101B0A6E49007D06E5 /* Images.xcassets */,
				974B62121B0A6E49007D06E5 /* LaunchScreen.xib */,
				974B62031B0A6E49007D06E5 /* Supporting Files */,
			);
			path = Deprocrastinatooooor;
			sourceTree = "<group>";
		};
		974B62031B0A6E49007D06E5 /* Supporting Files */ = {
			isa = PBXGroup;
			children = (
				974B62041B0A6E49007D06E5 /* Info.plist */,
				974B62051B0A6E49007D06E5 /* main.m */,
			);
			name = "Supporting Files";
			sourceTree = "<group>";
		};
		974B621C1B0A6E49007D06E5 /* DeprocrastinatooooorTests */ = {
			isa = PBXGroup;
			children = (
				974B621F1B0A6E49007D06E5 /* DeprocrastinatooooorTests.m */,
				974B621D1B0A6E49007D06E5 /* Supporting Files */,
			);
			path = DeprocrastinatooooorTests;
			sourceTree = "<group>";
		};
		974B621D1B0A6E49007D06E5 /* Supporting Files */ = {
			isa = PBXGroup;
			children = (
				974B621E1B0A6E49007D06E5 /* Info.plist */,
			);
			name = "Supporting Files";
			sourceTree = "<group>";
		};
/* End PBXGroup section */

/* Begin PBXNativeTarget section */
		974B61FF1B0A6E49007D06E5 /* Deprocrastinatooooor */ = {
			isa = PBXNativeTarget;
			buildConfigurationList = 974B62231B0A6E49007D06E5 /* Build configuration list for PBXNativeTarget "Deprocrastinatooooor" */;
			buildPhases = (
				974B61FC1B0A6E49007D06E5 /* Sources */,
				974B61FD1B0A6E49007D06E5 /* Frameworks */,
				974B61FE1B0A6E49007D06E5 /* Resources */,
			);
			buildRules = (
			);
			dependencies = (
			);
			name = Deprocrastinatooooor;
			productName = Deprocrastinatooooor;
			productReference = 974B62001B0A6E49007D06E5 /* Deprocrastinatooooor.app */;
			productType = "com.apple.product-type.application";
		};
		974B62181B0A6E49007D06E5 /* DeprocrastinatooooorTests */ = {
			isa = PBXNativeTarget;
			buildConfigurationList = 974B62261B0A6E49007D06E5 /* Build configuration list for PBXNativeTarget "DeprocrastinatooooorTests" */;
			buildPhases = (
				974B62151B0A6E49007D06E5 /* Sources */,
				974B62161B0A6E49007D06E5 /* Frameworks */,
				974B62171B0A6E49007D06E5 /* Resources */,
			);
			buildRules = (
			);
			dependencies = (
				974B621B1B0A6E49007D06E5 /* PBXTargetDependency */,
			);
			name = DeprocrastinatooooorTests;
			productName = DeprocrastinatooooorTests;
			productReference = 974B62191B0A6E49007D06E5 /* DeprocrastinatooooorTests.xctest */;
			productType = "com.apple.product-type.bundle.unit-test";
		};
/* End PBXNativeTarget section */

/* Begin PBXProject section */
		974B61F81B0A6E49007D06E5 /* Project object */ = {
			isa = PBXProject;
			attributes = {
				LastUpgradeCheck = 0630;
				ORGANIZATIONNAME = madApperz;
				TargetAttributes = {
					974B61FF1B0A6E49007D06E5 = {
						CreatedOnToolsVersion = 6.3.1;
					};
					974B62181B0A6E49007D06E5 = {
						CreatedOnToolsVersion = 6.3.1;
						TestTargetID = 974B61FF1B0A6E49007D06E5;
					};
				};
			};
			buildConfigurationList = 974B61FB1B0A6E49007D06E5 /* Build configuration list for PBXProject "Deprocrastinatooooor" */;
			compatibilityVersion = "Xcode 3.2";
			developmentRegion = English;
			hasScannedForEncodings = 0;
			knownRegions = (
				en,
				Base,
			);
			mainGroup = 974B61F71B0A6E49007D06E5;
			productRefGroup = 974B62011B0A6E49007D06E5 /* Products */;
			projectDirPath = "";
			projectRoot = "";
			targets = (
				974B61FF1B0A6E49007D06E5 /* Deprocrastinatooooor */,
				974B62181B0A6E49007D06E5 /* DeprocrastinatooooorTests */,
			);
		};
/* End PBXProject section */

/* Begin PBXResourcesBuildPhase section */
		974B61FE1B0A6E49007D06E5 /* Resources */ = {
			isa = PBXResourcesBuildPhase;
			buildActionMask = 2147483647;
			files = (
				974B620F1B0A6E49007D06E5 /* Main.storyboard in Resources */,
				974B62141B0A6E49007D06E5 /* LaunchScreen.xib in Resources */,
				974B62111B0A6E49007D06E5 /* Images.xcassets in Resources */,
			);
			runOnlyForDeploymentPostprocessing = 0;
		};
		974B62171B0A6E49007D06E5 /* Resources */ = {
			isa = PBXResourcesBuildPhase;
			buildActionMask = 2147483647;
			files = (
			);
			runOnlyForDeploymentPostprocessing = 0;
		};
/* End PBXResourcesBuildPhase section */

/* Begin PBXSourcesBuildPhase section */
		974B61FC1B0A6E49007D06E5 /* Sources */ = {
			isa = PBXSourcesBuildPhase;
			buildActionMask = 2147483647;
			files = (
				974B620C1B0A6E49007D06E5 /* ViewController.m in Sources */,
				974B62091B0A6E49007D06E5 /* AppDelegate.m in Sources */,
				974B62061B0A6E49007D06E5 /* main.m in Sources */,
			);
			runOnlyForDeploymentPostprocessing = 0;
		};
		974B62151B0A6E49007D06E5 /* Sources */ = {
			isa = PBXSourcesBuildPhase;
			buildActionMask = 2147483647;
			files = (
				974B62201B0A6E49007D06E5 /* DeprocrastinatooooorTests.m in Sources */,
			);
			runOnlyForDeploymentPostprocessing = 0;
		};
/* End PBXSourcesBuildPhase section */

/* Begin PBXTargetDependency section */
		974B621B1B0A6E49007D06E5 /* PBXTargetDependency */ = {
			isa = PBXTargetDependency;
			target = 974B61FF1B0A6E49007D06E5 /* Deprocrastinatooooor */;
			targetProxy = 974B621A1B0A6E49007D06E5 /* PBXContainerItemProxy */;
		};
/* End PBXTargetDependency section */

/* Begin PBXVariantGroup section */
		974B620D1B0A6E49007D06E5 /* Main.storyboard */ = {
			isa = PBXVariantGroup;
			children = (
				974B620E1B0A6E49007D06E5 /* Base */,
			);
			name = Main.storyboard;
			sourceTree = "<group>";
		};
		974B62121B0A6E49007D06E5 /* LaunchScreen.xib */ = {
			isa = PBXVariantGroup;
			children = (
				974B62131B0A6E49007D06E5 /* Base */,
			);
			name = LaunchScreen.xib;
			sourceTree = "<group>";
		};
/* End PBXVariantGroup section */

/* Begin XCBuildConfiguration section */
		974B62211B0A6E49007D06E5 /* Debug */ = {
			isa = XCBuildConfiguration;
			buildSettings = {
				ALWAYS_SEARCH_USER_PATHS = NO;
				CLANG_CXX_LANGUAGE_STANDARD = "gnu++0x";
				CLANG_CXX_LIBRARY = "libc++";
				CLANG_ENABLE_MODULES = YES;
				CLANG_ENABLE_OBJC_ARC = YES;
				CLANG_WARN_BOOL_CONVERSION = YES;
				CLANG_WARN_CONSTANT_CONVERSION = YES;
				CLANG_WARN_DIRECT_OBJC_ISA_USAGE = YES_ERROR;
				CLANG_WARN_EMPTY_BODY = YES;
				CLANG_WARN_ENUM_CONVERSION = YES;
				CLANG_WARN_INT_CONVERSION = YES;
				CLANG_WARN_OBJC_ROOT_CLASS = YES_ERROR;
				CLANG_WARN_UNREACHABLE_CODE = YES;
				CLANG_WARN__DUPLICATE_METHOD_MATCH = YES;
				"CODE_SIGN_IDENTITY[sdk=iphoneos*]" = "iPhone Developer";
				COPY_PHASE_STRIP = NO;
				DEBUG_INFORMATION_FORMAT = "dwarf-with-dsym";
				ENABLE_STRICT_OBJC_MSGSEND = YES;
				GCC_C_LANGUAGE_STANDARD = gnu99;
				GCC_DYNAMIC_NO_PIC = NO;
				GCC_NO_COMMON_BLOCKS = YES;
				GCC_OPTIMIZATION_LEVEL = 0;
				GCC_PREPROCESSOR_DEFINITIONS = (
					"DEBUG=1",
					"$(inherited)",
				);
				GCC_SYMBOLS_PRIVATE_EXTERN = NO;
				GCC_WARN_64_TO_32_BIT_CONVERSION = YES;
				GCC_WARN_ABOUT_RETURN_TYPE = YES_ERROR;
				GCC_WARN_UNDECLARED_SELECTOR = YES;
				GCC_WARN_UNINITIALIZED_AUTOS = YES_AGGRESSIVE;
				GCC_WARN_UNUSED_FUNCTION = YES;
				GCC_WARN_UNUSED_VARIABLE = YES;
				IPHONEOS_DEPLOYMENT_TARGET = 8.3;
				MTL_ENABLE_DEBUG_INFO = YES;
				ONLY_ACTIVE_ARCH = YES;
				SDKROOT = iphoneos;
			};
			name = Debug;
		};
		974B62221B0A6E49007D06E5 /* Release */ = {
			isa = XCBuildConfiguration;
			buildSettings = {
				ALWAYS_SEARCH_USER_PATHS = NO;
				CLANG_CXX_LANGUAGE_STANDARD = "gnu++0x";
				CLANG_CXX_LIBRARY = "libc++";
				CLANG_ENABLE_MODULES = YES;
				CLANG_ENABLE_OBJC_ARC = YES;
				CLANG_WARN_BOOL_CONVERSION = YES;
				CLANG_WARN_CONSTANT_CONVERSION = YES;
				CLANG_WARN_DIRECT_OBJC_ISA_USAGE = YES_ERROR;
				CLANG_WARN_EMPTY_BODY = YES;
				CLANG_WARN_ENUM_CONVERSION = YES;
				CLANG_WARN_INT_CONVERSION = YES;
				CLANG_WARN_OBJC_ROOT_CLASS = YES_ERROR;
				CLANG_WARN_UNREACHABLE_CODE = YES;
				CLANG_WARN__DUPLICATE_METHOD_MATCH = YES;
				"CODE_SIGN_IDENTITY[sdk=iphoneos*]" = "iPhone Developer";
				COPY_PHASE_STRIP = NO;
				DEBUG_INFORMATION_FORMAT = "dwarf-with-dsym";
				ENABLE_NS_ASSERTIONS = NO;
				ENABLE_STRICT_OBJC_MSGSEND = YES;
				GCC_C_LANGUAGE_STANDARD = gnu99;
				GCC_NO_COMMON_BLOCKS = YES;
				GCC_WARN_64_TO_32_BIT_CONVERSION = YES;
				GCC_WARN_ABOUT_RETURN_TYPE = YES_ERROR;
				GCC_WARN_UNDECLARED_SELECTOR = YES;
				GCC_WARN_UNINITIALIZED_AUTOS = YES_AGGRESSIVE;
				GCC_WARN_UNUSED_FUNCTION = YES;
				GCC_WARN_UNUSED_VARIABLE = YES;
				IPHONEOS_DEPLOYMENT_TARGET = 8.3;
				MTL_ENABLE_DEBUG_INFO = NO;
				SDKROOT = iphoneos;
				VALIDATE_PRODUCT = YES;
			};
			name = Release;
		};
		974B62241B0A6E49007D06E5 /* Debug */ = {
			isa = XCBuildConfiguration;
			buildSettings = {
				ASSETCATALOG_COMPILER_APPICON_NAME = AppIcon;
				INFOPLIST_FILE = Deprocrastinatooooor/Info.plist;
				LD_RUNPATH_SEARCH_PATHS = "$(inherited) @executable_path/Frameworks";
				PRODUCT_NAME = "$(TARGET_NAME)";
			};
			name = Debug;
		};
		974B62251B0A6E49007D06E5 /* Release */ = {
			isa = XCBuildConfiguration;
			buildSettings = {
				ASSETCATALOG_COMPILER_APPICON_NAME = AppIcon;
				INFOPLIST_FILE = Deprocrastinatooooor/Info.plist;
				LD_RUNPATH_SEARCH_PATHS = "$(inherited) @executable_path/Frameworks";
				PRODUCT_NAME = "$(TARGET_NAME)";
			};
			name = Release;
		};
		974B62271B0A6E49007D06E5 /* Debug */ = {
			isa = XCBuildConfiguration;
			buildSettings = {
				BUNDLE_LOADER = "$(TEST_HOST)";
				FRAMEWORK_SEARCH_PATHS = (
					"$(SDKROOT)/Developer/Library/Frameworks",
					"$(inherited)",
				);
				GCC_PREPROCESSOR_DEFINITIONS = (
					"DEBUG=1",
					"$(inherited)",
				);
				INFOPLIST_FILE = DeprocrastinatooooorTests/Info.plist;
				LD_RUNPATH_SEARCH_PATHS = "$(inherited) @executable_path/Frameworks @loader_path/Frameworks";
				PRODUCT_NAME = "$(TARGET_NAME)";
				TEST_HOST = "$(BUILT_PRODUCTS_DIR)/Deprocrastinatooooor.app/Deprocrastinatooooor";
			};
			name = Debug;
		};
		974B62281B0A6E49007D06E5 /* Release */ = {
			isa = XCBuildConfiguration;
			buildSettings = {
				BUNDLE_LOADER = "$(TEST_HOST)";
				FRAMEWORK_SEARCH_PATHS = (
					"$(SDKROOT)/Developer/Library/Frameworks",
					"$(inherited)",
				);
				INFOPLIST_FILE = DeprocrastinatooooorTests/Info.plist;
				LD_RUNPATH_SEARCH_PATHS = "$(inherited) @executable_path/Frameworks @loader_path/Frameworks";
				PRODUCT_NAME = "$(TARGET_NAME)";
				TEST_HOST = "$(BUILT_PRODUCTS_DIR)/Deprocrastinatooooor.app/Deprocrastinatooooor";
			};
			name = Release;
		};
/* End XCBuildConfiguration section */

/* Begin XCConfigurationList section */
		974B61FB1B0A6E49007D06E5 /* Build configuration list for PBXProject "Deprocrastinatooooor" */ = {
			isa = XCConfigurationList;
			buildConfigurations = (
				974B62211B0A6E49007D06E5 /* Debug */,
				974B62221B0A6E49007D06E5 /* Release */,
			);
			defaultConfigurationIsVisible = 0;
			defaultConfigurationName = Release;
		};
		974B62231B0A6E49007D06E5 /* Build configuration list for PBXNativeTarget "Deprocrastinatooooor" */ = {
			isa = XCConfigurationList;
			buildConfigurations = (
				974B62241B0A6E49007D06E5 /* Debug */,
				974B62251B0A6E49007D06E5 /* Release */,
			);
			defaultConfigurationIsVisible = 0;
		};
		974B62261B0A6E49007D06E5 /* Build configuration list for PBXNativeTarget "DeprocrastinatooooorTests" */ = {
			isa = XCConfigurationList;
			buildConfigurations = (
				974B62271B0A6E49007D06E5 /* Debug */,
				974B62281B0A6E49007D06E5 /* Release */,
			);
			defaultConfigurationIsVisible = 0;
		};
/* End XCConfigurationList section */
	};
	rootObject = 974B61F81B0A6E49007D06E5 /* Project object */;
}
